
Microsoft Visual Studio Solution File, Format Version 12.00
# Visual Studio Version 16
VisualStudioVersion = 25.0.1706.11
MinimumVisualStudioVersion = 10.0.40219.1
Project("{FAE04EC0-301F-11D3-BF4B-00C04F79EFBC}") = "CookOff", "CookOff\CookOff.csproj", "{96D92CD1-784D-4320-82ED-C2D4A186A1B1}"
EndProject
Global
	GlobalSection(SolutionConfigurationPlatforms) = preSolution
		Debug|Any CPU = Debug|Any CPU
		Release|Any CPU = Release|Any CPU
	EndGlobalSection
	GlobalSection(ProjectConfigurationPlatforms) = postSolution
		{96D92CD1-784D-4320-82ED-C2D4A186A1B1}.Debug|Any CPU.ActiveCfg = Debug|Any CPU
		{96D92CD1-784D-4320-82ED-C2D4A186A1B1}.Debug|Any CPU.Build.0 = Debug|Any CPU
		{96D92CD1-784D-4320-82ED-C2D4A186A1B1}.Release|Any CPU.ActiveCfg = Release|Any CPU
		{96D92CD1-784D-4320-82ED-C2D4A186A1B1}.Release|Any CPU.Build.0 = Release|Any CPU
	EndGlobalSection
	GlobalSection(SolutionProperties) = preSolution
		HideSolutionNode = FALSE
	EndGlobalSection
	GlobalSection(ExtensibilityGlobals) = postSolution
		SolutionGuid = {3B1475BB-BA40-498A-A696-DD67ACBE58FE}
	EndGlobalSection
EndGlobal
